{
  "name": "eventloop",
  "version": "1.0.0",
  "lockfileVersion": 2,
  "requires": true,
  "packages": {
    "": {
      "name": "eventloop",
      "version": "1.0.0",
      "license": "ISC",
      "dependencies": {
        "ns-ursa-first-module": "^0.0.1"
      }
    },
    "node_modules/ns-ursa-first-module": {
      "version": "0.0.1",
      "resolved": "https://registry.npmjs.org/ns-ursa-first-module/-/ns-ursa-first-module-0.0.1.tgz",
      "integrity": "sha512-P/IU8/jLILuUdWRrCTuuWyELq03dTd01K8p8b0L3lVlDrVwATphdRyfyhY5A5QU3GP9LhggfBblJUX5F/FZwYw=="
    }
  },
  "dependencies": {
    "ns-ursa-first-module": {
      "version": "0.0.1",
      "resolved": "https://registry.npmjs.org/ns-ursa-first-module/-/ns-ursa-first-module-0.0.1.tgz",
      "integrity": "sha512-P/IU8/jLILuUdWRrCTuuWyELq03dTd01K8p8b0L3lVlDrVwATphdRyfyhY5A5QU3GP9LhggfBblJUX5F/FZwYw=="
    }
  }
}
